// !$*UTF8*$!
{
	archiveVersion = 1;
	classes = {
	};
	objectVersion = 46;
	objects = {

/* Begin PBXBuildFile section */
		281F98211D74BC30002FD858 /* main.m in Sources */ = {isa = PBXBuildFile; fileRef = 281F98201D74BC30002FD858 /* main.m */; };
		281F98241D74BC30002FD858 /* AppDelegate.m in Sources */ = {isa = PBXBuildFile; fileRef = 281F98231D74BC30002FD858 /* AppDelegate.m */; };
		281F982C1D74BC30002FD858 /* Assets.xcassets in Resources */ = {isa = PBXBuildFile; fileRef = 281F982B1D74BC30002FD858 /* Assets.xcassets */; };
		281F982F1D74BC30002FD858 /* LaunchScreen.storyboard in Resources */ = {isa = PBXBuildFile; fileRef = 281F982D1D74BC30002FD858 /* LaunchScreen.storyboard */; };
		281F98391D74BCCF002FD858 /* DialViewController.m in Sources */ = {isa = PBXBuildFile; fileRef = 281F98371D74BCCF002FD858 /* DialViewController.m */; };
		281F983A1D74BCCF002FD858 /* Main.storyboard in Resources */ = {isa = PBXBuildFile; fileRef = 281F98381D74BCCF002FD858 /* Main.storyboard */; };
/* End PBXBuildFile section */

/* Begin PBXFileReference section */
		281F981C1D74BC30002FD858 /* ObjectiveCTwilioClientQuickstart.app */ = {isa = PBXFileReference; explicitFileType = wrapper.application; includeInIndex = 0; path = ObjectiveCTwilioClientQuickstart.app; sourceTree = BUILT_PRODUCTS_DIR; };
		281F98201D74BC30002FD858 /* main.m */ = {isa = PBXFileReference; lastKnownFileType = sourcecode.c.objc; path = main.m; sourceTree = "<group>"; };
		281F98221D74BC30002FD858 /* AppDelegate.h */ = {isa = PBXFileReference; lastKnownFileType = sourcecode.c.h; path = AppDelegate.h; sourceTree = "<group>"; };
		281F98231D74BC30002FD858 /* AppDelegate.m */ = {isa = PBXFileReference; lastKnownFileType = sourcecode.c.objc; path = AppDelegate.m; sourceTree = "<group>"; };
		281F982B1D74BC30002FD858 /* Assets.xcassets */ = {isa = PBXFileReference; lastKnownFileType = folder.assetcatalog; path = Assets.xcassets; sourceTree = "<group>"; };
		281F982E1D74BC30002FD858 /* Base */ = {isa = PBXFileReference; lastKnownFileType = file.storyboard; name = Base; path = Base.lproj/LaunchScreen.storyboard; sourceTree = "<group>"; };
		281F98301D74BC30002FD858 /* Info.plist */ = {isa = PBXFileReference; lastKnownFileType = text.plist.xml; path = Info.plist; sourceTree = "<group>"; };
		281F98361D74BCCF002FD858 /* DialViewController.h */ = {isa = PBXFileReference; fileEncoding = 4; lastKnownFileType = sourcecode.c.h; path = DialViewController.h; sourceTree = "<group>"; };
		281F98371D74BCCF002FD858 /* DialViewController.m */ = {isa = PBXFileReference; fileEncoding = 4; lastKnownFileType = sourcecode.c.objc; path = DialViewController.m; sourceTree = "<group>"; };
		281F98381D74BCCF002FD858 /* Main.storyboard */ = {isa = PBXFileReference; fileEncoding = 4; lastKnownFileType = file.storyboard; path = Main.storyboard; sourceTree = "<group>"; };
/* End PBXFileReference section */

/* Begin PBXFrameworksBuildPhase section */
		281F98191D74BC30002FD858 /* Frameworks */ = {
			isa = PBXFrameworksBuildPhase;
			buildActionMask = 2147483647;
			files = (
			);
			runOnlyForDeploymentPostprocessing = 0;
		};
/* End PBXFrameworksBuildPhase section */

/* Begin PBXGroup section */
		281F98131D74BC30002FD858 = {
			isa = PBXGroup;
			children = (
				281F981E1D74BC30002FD858 /* ObjectiveCTwilioClientQuickstart */,
				281F981D1D74BC30002FD858 /* Products */,
			);
			sourceTree = "<group>";
		};
		281F981D1D74BC30002FD858 /* Products */ = {
			isa = PBXGroup;
			children = (
				281F981C1D74BC30002FD858 /* ObjectiveCTwilioClientQuickstart.app */,
			);
			name = Products;
			sourceTree = "<group>";
		};
		281F981E1D74BC30002FD858 /* ObjectiveCTwilioClientQuickstart */ = {
			isa = PBXGroup;
			children = (
				281F98361D74BCCF002FD858 /* DialViewController.h */,
				281F98371D74BCCF002FD858 /* DialViewController.m */,
				281F98381D74BCCF002FD858 /* Main.storyboard */,
				281F98221D74BC30002FD858 /* AppDelegate.h */,
				281F98231D74BC30002FD858 /* AppDelegate.m */,
				281F982B1D74BC30002FD858 /* Assets.xcassets */,
				281F982D1D74BC30002FD858 /* LaunchScreen.storyboard */,
				281F98301D74BC30002FD858 /* Info.plist */,
				281F981F1D74BC30002FD858 /* Supporting Files */,
			);
			path = ObjectiveCTwilioClientQuickstart;
			sourceTree = "<group>";
		};
		281F981F1D74BC30002FD858 /* Supporting Files */ = {
			isa = PBXGroup;
			children = (
				281F98201D74BC30002FD858 /* main.m */,
			);
			name = "Supporting Files";
			sourceTree = "<group>";
		};
/* End PBXGroup section */

/* Begin PBXNativeTarget section */
		281F981B1D74BC30002FD858 /* ObjectiveCTwilioClientQuickstart */ = {
			isa = PBXNativeTarget;
			buildConfigurationList = 281F98331D74BC30002FD858 /* Build configuration list for PBXNativeTarget "ObjectiveCTwilioClientQuickstart" */;
			buildPhases = (
				281F98181D74BC30002FD858 /* Sources */,
				281F98191D74BC30002FD858 /* Frameworks */,
				281F981A1D74BC30002FD858 /* Resources */,
			);
			buildRules = (
			);
			dependencies = (
			);
			name = ObjectiveCTwilioClientQuickstart;
			productName = ObjectiveCTwilioClientQuickstart;
			productReference = 281F981C1D74BC30002FD858 /* ObjectiveCTwilioClientQuickstart.app */;
			productType = "com.apple.product-type.application";
		};
/* End PBXNativeTarget section */

/* Begin PBXProject section */
		281F98141D74BC30002FD858 /* Project object */ = {
			isa = PBXProject;
			attributes = {
				LastUpgradeCheck = 0730;
				ORGANIZATIONNAME = "Twilio, Inc.";
				TargetAttributes = {
					281F981B1D74BC30002FD858 = {
						CreatedOnToolsVersion = 7.3.1;
					};
				};
			};
			buildConfigurationList = 281F98171D74BC30002FD858 /* Build configuration list for PBXProject "ObjectiveCTwilioClientQuickstart" */;
			compatibilityVersion = "Xcode 3.2";
			developmentRegion = English;
			hasScannedForEncodings = 0;
			knownRegions = (
				en,
				Base,
			);
			mainGroup = 281F98131D74BC30002FD858;
			productRefGroup = 281F981D1D74BC30002FD858 /* Products */;
			projectDirPath = "";
			projectRoot = "";
			targets = (
				281F981B1D74BC30002FD858 /* ObjectiveCTwilioClientQuickstart */,
			);
		};
/* End PBXProject section */

/* Begin PBXResourcesBuildPhase section */
		281F981A1D74BC30002FD858 /* Resources */ = {
			isa = PBXResourcesBuildPhase;
			buildActionMask = 2147483647;
			files = (
				281F983A1D74BCCF002FD858 /* Main.storyboard in Resources */,
				281F982F1D74BC30002FD858 /* LaunchScreen.storyboard in Resources */,
				281F982C1D74BC30002FD858 /* Assets.xcassets in Resources */,
			);
			runOnlyForDeploymentPostprocessing = 0;
		};
/* End PBXResourcesBuildPhase section */

/* Begin PBXSourcesBuildPhase section */
		281F98181D74BC30002FD858 /* Sources */ = {
			isa = PBXSourcesBuildPhase;
			buildActionMask = 2147483647;
			files = (
				281F98391D74BCCF002FD858 /* DialViewController.m in Sources */,
				281F98241D74BC30002FD858 /* AppDelegate.m in Sources */,
				281F98211D74BC30002FD858 /* main.m in Sources */,
			);
			runOnlyForDeploymentPostprocessing = 0;
		};
/* End PBXSourcesBuildPhase section */

/* Begin PBXVariantGroup section */
		281F982D1D74BC30002FD858 /* LaunchScreen.storyboard */ = {
			isa = PBXVariantGroup;
			children = (
				281F982E1D74BC30002FD858 /* Base */,
			);
			name = LaunchScreen.storyboard;
			sourceTree = "<group>";
		};
/* End PBXVariantGroup section */

/* Begin XCBuildConfiguration section */
		281F98311D74BC30002FD858 /* Debug */ = {
			isa = XCBuildConfiguration;
			buildSettings = {
				ALWAYS_SEARCH_USER_PATHS = NO;
				CLANG_ANALYZER_NONNULL = YES;
				CLANG_CXX_LANGUAGE_STANDARD = "gnu++0x";
				CLANG_CXX_LIBRARY = "libc++";
				CLANG_ENABLE_MODULES = YES;
				CLANG_ENABLE_OBJC_ARC = YES;
				CLANG_WARN_BOOL_CONVERSION = YES;
				CLANG_WARN_CONSTANT_CONVERSION = YES;
				CLANG_WARN_DIRECT_OBJC_ISA_USAGE = YES_ERROR;
				CLANG_WARN_EMPTY_BODY = YES;
				CLANG_WARN_ENUM_CONVERSION = YES;
				CLANG_WARN_INT_CONVERSION = YES;
				CLANG_WARN_OBJC_ROOT_CLASS = YES_ERROR;
				CLANG_WARN_UNREACHABLE_CODE = YES;
				CLANG_WARN__DUPLICATE_METHOD_MATCH = YES;
				"CODE_SIGN_IDENTITY[sdk=iphoneos*]" = "iPhone Developer";
				COPY_PHASE_STRIP = NO;
				DEBUG_INFORMATION_FORMAT = dwarf;
				ENABLE_STRICT_OBJC_MSGSEND = YES;
				ENABLE_TESTABILITY = YES;
				GCC_C_LANGUAGE_STANDARD = gnu99;
				GCC_DYNAMIC_NO_PIC = NO;
				GCC_NO_COMMON_BLOCKS = YES;
				GCC_OPTIMIZATION_LEVEL = 0;
				GCC_PREPROCESSOR_DEFINITIONS = (
					"DEBUG=1",
					"$(inherited)",
				);
				GCC_WARN_64_TO_32_BIT_CONVERSION = YES;
				GCC_WARN_ABOUT_RETURN_TYPE = YES_ERROR;
				GCC_WARN_UNDECLARED_SELECTOR = YES;
				GCC_WARN_UNINITIALIZED_AUTOS = YES_AGGRESSIVE;
				GCC_WARN_UNUSED_FUNCTION = YES;
				GCC_WARN_UNUSED_VARIABLE = YES;
				IPHONEOS_DEPLOYMENT_TARGET = 9.3;
				MTL_ENABLE_DEBUG_INFO = YES;
				ONLY_ACTIVE_ARCH = YES;
				SDKROOT = iphoneos;
				TARGETED_DEVICE_FAMILY = "1,2";
			};
			name = Debug;
		};
		281F98321D74BC30002FD858 /* Release */ = {
			isa = XCBuildConfiguration;
			buildSettings = {
				ALWAYS_SEARCH_USER_PATHS = NO;
				CLANG_ANALYZER_NONNULL = YES;
				CLANG_CXX_LANGUAGE_STANDARD = "gnu++0x";
				CLANG_CXX_LIBRARY = "libc++";
				CLANG_ENABLE_MODULES = YES;
				CLANG_ENABLE_OBJC_ARC = YES;
				CLANG_WARN_BOOL_CONVERSION = YES;
				CLANG_WARN_CONSTANT_CONVERSION = YES;
				CLANG_WARN_DIRECT_OBJC_ISA_USAGE = YES_ERROR;
				CLANG_WARN_EMPTY_BODY = YES;
				CLANG_WARN_ENUM_CONVERSION = YES;
				CLANG_WARN_INT_CONVERSION = YES;
				CLANG_WARN_OBJC_ROOT_CLASS = YES_ERROR;
				CLANG_WARN_UNREACHABLE_CODE = YES;
				CLANG_WARN__DUPLICATE_METHOD_MATCH = YES;
				"CODE_SIGN_IDENTITY[sdk=iphoneos*]" = "iPhone Developer";
				COPY_PHASE_STRIP = NO;
				DEBUG_INFORMATION_FORMAT = "dwarf-with-dsym";
				ENABLE_NS_ASSERTIONS = NO;
				ENABLE_STRICT_OBJC_MSGSEND = YES;
				GCC_C_LANGUAGE_STANDARD = gnu99;
				GCC_NO_COMMON_BLOCKS = YES;
				GCC_WARN_64_TO_32_BIT_CONVERSION = YES;
				GCC_WARN_ABOUT_RETURN_TYPE = YES_ERROR;
				GCC_WARN_UNDECLARED_SELECTOR = YES;
				GCC_WARN_UNINITIALIZED_AUTOS = YES_AGGRESSIVE;
				GCC_WARN_UNUSED_FUNCTION = YES;
				GCC_WARN_UNUSED_VARIABLE = YES;
				IPHONEOS_DEPLOYMENT_TARGET = 9.3;
				MTL_ENABLE_DEBUG_INFO = NO;
				SDKROOT = iphoneos;
				TARGETED_DEVICE_FAMILY = "1,2";
				VALIDATE_PRODUCT = YES;
			};
			name = Release;
		};
		281F98341D74BC30002FD858 /* Debug */ = {
			isa = XCBuildConfiguration;
			buildSettings = {
				ASSETCATALOG_COMPILER_APPICON_NAME = AppIcon;
				INFOPLIST_FILE = ObjectiveCTwilioClientQuickstart/Info.plist;
				LD_RUNPATH_SEARCH_PATHS = "$(inherited) @executable_path/Frameworks";
				PRODUCT_BUNDLE_IDENTIFIER = com.twilio.client.ObjectiveCTwilioClientQuickstart;
				PRODUCT_NAME = "$(TARGET_NAME)";
			};
			name = Debug;
		};
		281F98351D74BC30002FD858 /* Release */ = {
			isa = XCBuildConfiguration;
			buildSettings = {
				ASSETCATALOG_COMPILER_APPICON_NAME = AppIcon;
				INFOPLIST_FILE = ObjectiveCTwilioClientQuickstart/Info.plist;
				LD_RUNPATH_SEARCH_PATHS = "$(inherited) @executable_path/Frameworks";
				PRODUCT_BUNDLE_IDENTIFIER = com.twilio.client.ObjectiveCTwilioClientQuickstart;
				PRODUCT_NAME = "$(TARGET_NAME)";
			};
			name = Release;
		};
/* End XCBuildConfiguration section */

/* Begin XCConfigurationList section */
		281F98171D74BC30002FD858 /* Build configuration list for PBXProject "ObjectiveCTwilioClientQuickstart" */ = {
			isa = XCConfigurationList;
			buildConfigurations = (
				281F98311D74BC30002FD858 /* Debug */,
				281F98321D74BC30002FD858 /* Release */,
			);
			defaultConfigurationIsVisible = 0;
			defaultConfigurationName = Release;
		};
		281F98331D74BC30002FD858 /* Build configuration list for PBXNativeTarget "ObjectiveCTwilioClientQuickstart" */ = {
			isa = XCConfigurationList;
			buildConfigurations = (
				281F98341D74BC30002FD858 /* Debug */,
				281F98351D74BC30002FD858 /* Release */,
			);
			defaultConfigurationIsVisible = 0;
			defaultConfigurationName = Release;
		};
/* End XCConfigurationList section */
	};
	rootObject = 281F98141D74BC30002FD858 /* Project object */;
}
